{
  "pid": 18691,
  "startedAt": "2026-04-01T14:37:59.558Z",
  "unitType": "execute-task",
  "unitId": "M002/S07/T02",
  "unitStartedAt": "2026-04-01T14:37:59.558Z",
  "sessionFile": "/Users/dillonlui/.gsd/sessions/--Users-dillonlui-Documents-Code-ficcc--/2026-04-01T14-33-01-227Z_154d6172-f100-4d6c-9d5b-c107fc83bac2.jsonl"
}